// !$*UTF8*$!
{
	archiveVersion = 1;
	classes = {
	};
	objectVersion = 55;
	objects = {

/* Begin PBXBuildFile section */
		266D128528703336001AE111 /* APIHandler.swift in Sources */ = {isa = PBXBuildFile; fileRef = 266D128428703336001AE111 /* APIHandler.swift */; };
		266D128B2870335E001AE111 /* ResponseHandler+Extension.swift in Sources */ = {isa = PBXBuildFile; fileRef = 266D12862870335D001AE111 /* ResponseHandler+Extension.swift */; };
		266D128C2870335E001AE111 /* APIPath.swift in Sources */ = {isa = PBXBuildFile; fileRef = 266D12872870335D001AE111 /* APIPath.swift */; };
		266D128D2870335E001AE111 /* APILoader.swift in Sources */ = {isa = PBXBuildFile; fileRef = 266D12882870335D001AE111 /* APILoader.swift */; };
		266D128E2870335E001AE111 /* RequestHandler+Extension.swift in Sources */ = {isa = PBXBuildFile; fileRef = 266D12892870335E001AE111 /* RequestHandler+Extension.swift */; };
		266D128F2870335E001AE111 /* APIEnvironment.swift in Sources */ = {isa = PBXBuildFile; fileRef = 266D128A2870335E001AE111 /* APIEnvironment.swift */; };
		266D12922870340C001AE111 /* Constants.swift in Sources */ = {isa = PBXBuildFile; fileRef = 266D12912870340C001AE111 /* Constants.swift */; };
		266D12962870352D001AE111 /* LoginViewController.swift in Sources */ = {isa = PBXBuildFile; fileRef = 266D12952870352D001AE111 /* LoginViewController.swift */; };
		266D129828703548001AE111 /* LoginView.xib in Resources */ = {isa = PBXBuildFile; fileRef = 266D129728703548001AE111 /* LoginView.xib */; };
		26751EF82871789C00DED975 /* LoginViewModel.swift in Sources */ = {isa = PBXBuildFile; fileRef = 26751EF72871789C00DED975 /* LoginViewModel.swift */; };
		26751EFA287178B000DED975 /* User.swift in Sources */ = {isa = PBXBuildFile; fileRef = 26751EF9287178B000DED975 /* User.swift */; };
		26751EFE28717E7100DED975 /* ContactsViewTests.swift in Sources */ = {isa = PBXBuildFile; fileRef = 26751EFD28717E7100DED975 /* ContactsViewTests.swift */; };
		26751F0128717E8400DED975 /* LoginViewTests.swift in Sources */ = {isa = PBXBuildFile; fileRef = 26751F0028717E8400DED975 /* LoginViewTests.swift */; };
		26751F062871961C00DED975 /* HTTPRequest.swift in Sources */ = {isa = PBXBuildFile; fileRef = 26751F052871961C00DED975 /* HTTPRequest.swift */; };
		26751F082871963300DED975 /* HTTPMethod.swift in Sources */ = {isa = PBXBuildFile; fileRef = 26751F072871963300DED975 /* HTTPMethod.swift */; };
		26751F0C28719F2C00DED975 /* RequestHeader.swift in Sources */ = {isa = PBXBuildFile; fileRef = 26751F0B28719F2C00DED975 /* RequestHeader.swift */; };
		26AB5E9828702BB0008D22F2 /* AppDelegate.swift in Sources */ = {isa = PBXBuildFile; fileRef = 26AB5E9728702BB0008D22F2 /* AppDelegate.swift */; };
		26AB5EA228702BB0008D22F2 /* ContactApp.xcdatamodeld in Sources */ = {isa = PBXBuildFile; fileRef = 26AB5EA028702BB0008D22F2 /* ContactApp.xcdatamodeld */; };
		26AB5EA428702BB7008D22F2 /* Assets.xcassets in Resources */ = {isa = PBXBuildFile; fileRef = 26AB5EA328702BB7008D22F2 /* Assets.xcassets */; };
		26AB5EA728702BB7008D22F2 /* LaunchScreen.storyboard in Resources */ = {isa = PBXBuildFile; fileRef = 26AB5EA528702BB7008D22F2 /* LaunchScreen.storyboard */; };
		26AB5EBC28702BB8008D22F2 /* ContactAppUITests.swift in Sources */ = {isa = PBXBuildFile; fileRef = 26AB5EBB28702BB8008D22F2 /* ContactAppUITests.swift */; };
		26AB5EBE28702BB8008D22F2 /* ContactAppUITestsLaunchTests.swift in Sources */ = {isa = PBXBuildFile; fileRef = 26AB5EBD28702BB8008D22F2 /* ContactAppUITestsLaunchTests.swift */; };
		26AB5ED028702D41008D22F2 /* AppTheme+Extensions.swift in Sources */ = {isa = PBXBuildFile; fileRef = 26AB5ECF28702D41008D22F2 /* AppTheme+Extensions.swift */; };
		26AB5ED328702D57008D22F2 /* Contact.swift in Sources */ = {isa = PBXBuildFile; fileRef = 26AB5ED228702D57008D22F2 /* Contact.swift */; };
		26AB5ED628702D62008D22F2 /* ContactService.swift in Sources */ = {isa = PBXBuildFile; fileRef = 26AB5ED528702D62008D22F2 /* ContactService.swift */; };
		26AB5EDA28702D6F008D22F2 /* ContactListViewModel.swift in Sources */ = {isa = PBXBuildFile; fileRef = 26AB5ED828702D6F008D22F2 /* ContactListViewModel.swift */; };
		26AB5EDB28702D6F008D22F2 /* ContactListCellViewModel.swift in Sources */ = {isa = PBXBuildFile; fileRef = 26AB5ED928702D6F008D22F2 /* ContactListCellViewModel.swift */; };
		26AB5EE028702D7A008D22F2 /* ContactListViewController.swift in Sources */ = {isa = PBXBuildFile; fileRef = 26AB5EDD28702D7A008D22F2 /* ContactListViewController.swift */; };
		26AB5EE128702D7A008D22F2 /* ContactTableViewCell.xib in Resources */ = {isa = PBXBuildFile; fileRef = 26AB5EDE28702D7A008D22F2 /* ContactTableViewCell.xib */; };
		26AB5EE228702D7A008D22F2 /* ContactTableViewCell.swift in Sources */ = {isa = PBXBuildFile; fileRef = 26AB5EDF28702D7A008D22F2 /* ContactTableViewCell.swift */; };
		26FF79F728ACD049000F3482 /* SceneDelegate.swift in Sources */ = {isa = PBXBuildFile; fileRef = 26FF79F628ACD049000F3482 /* SceneDelegate.swift */; };
		519069F5D5F42DD89A386CF7 /* Pods_ContactAppTests.framework in Frameworks */ = {isa = PBXBuildFile; fileRef = C83361DBD6785FB2BE3210E1 /* Pods_ContactAppTests.framework */; };
		5F28B0B1491FC0490DA31A10 /* Pods_ContactApp.framework in Frameworks */ = {isa = PBXBuildFile; fileRef = 8674C841B2C768E9B8BD3B1B /* Pods_ContactApp.framework */; };
		96265BFD313E30D20D4DF95E /* Pods_ContactApp_ContactAppUITests.framework in Frameworks */ = {isa = PBXBuildFile; fileRef = 5E60E573AB905C53B83EC04D /* Pods_ContactApp_ContactAppUITests.framework */; };
/* End PBXBuildFile section */

/* Begin PBXContainerItemProxy section */
		26AB5EAE28702BB7008D22F2 /* PBXContainerItemProxy */ = {
			isa = PBXContainerItemProxy;
			containerPortal = 26AB5E8C28702BB0008D22F2 /* Project object */;
			proxyType = 1;
			remoteGlobalIDString = 26AB5E9328702BB0008D22F2;
			remoteInfo = ContactApp;
		};
		26AB5EB828702BB8008D22F2 /* PBXContainerItemProxy */ = {
			isa = PBXContainerItemProxy;
			containerPortal = 26AB5E8C28702BB0008D22F2 /* Project object */;
			proxyType = 1;
			remoteGlobalIDString = 26AB5E9328702BB0008D22F2;
			remoteInfo = ContactApp;
		};
/* End PBXContainerItemProxy section */

/* Begin PBXFileReference section */
		14A0C1DB9959A2A514695139 /* Pods-ContactAppTests.release.xcconfig */ = {isa = PBXFileReference; includeInIndex = 1; lastKnownFileType = text.xcconfig; name = "Pods-ContactAppTests.release.xcconfig"; path = "Target Support Files/Pods-ContactAppTests/Pods-ContactAppTests.release.xcconfig"; sourceTree = "<group>"; };
		186FA22D1031B42B7D13B370 /* Pods-ContactApp-ContactAppUITests.debug.xcconfig */ = {isa = PBXFileReference; includeInIndex = 1; lastKnownFileType = text.xcconfig; name = "Pods-ContactApp-ContactAppUITests.debug.xcconfig"; path = "Target Support Files/Pods-ContactApp-ContactAppUITests/Pods-ContactApp-ContactAppUITests.debug.xcconfig"; sourceTree = "<group>"; };
		266D128428703336001AE111 /* APIHandler.swift */ = {isa = PBXFileReference; lastKnownFileType = sourcecode.swift; path = APIHandler.swift; sourceTree = "<group>"; };
		266D12862870335D001AE111 /* ResponseHandler+Extension.swift */ = {isa = PBXFileReference; fileEncoding = 4; lastKnownFileType = sourcecode.swift; path = "ResponseHandler+Extension.swift"; sourceTree = "<group>"; };
		266D12872870335D001AE111 /* APIPath.swift */ = {isa = PBXFileReference; fileEncoding = 4; lastKnownFileType = sourcecode.swift; path = APIPath.swift; sourceTree = "<group>"; };
		266D12882870335D001AE111 /* APILoader.swift */ = {isa = PBXFileReference; fileEncoding = 4; lastKnownFileType = sourcecode.swift; path = APILoader.swift; sourceTree = "<group>"; };
		266D12892870335E001AE111 /* RequestHandler+Extension.swift */ = {isa = PBXFileReference; fileEncoding = 4; lastKnownFileType = sourcecode.swift; path = "RequestHandler+Extension.swift"; sourceTree = "<group>"; };
		266D128A2870335E001AE111 /* APIEnvironment.swift */ = {isa = PBXFileReference; fileEncoding = 4; lastKnownFileType = sourcecode.swift; path = APIEnvironment.swift; sourceTree = "<group>"; };
		266D12912870340C001AE111 /* Constants.swift */ = {isa = PBXFileReference; fileEncoding = 4; lastKnownFileType = sourcecode.swift; path = Constants.swift; sourceTree = "<group>"; };
		266D12952870352D001AE111 /* LoginViewController.swift */ = {isa = PBXFileReference; lastKnownFileType = sourcecode.swift; path = LoginViewController.swift; sourceTree = "<group>"; };
		266D129728703548001AE111 /* LoginView.xib */ = {isa = PBXFileReference; lastKnownFileType = file.xib; path = LoginView.xib; sourceTree = "<group>"; };
		26751EF72871789C00DED975 /* LoginViewModel.swift */ = {isa = PBXFileReference; lastKnownFileType = sourcecode.swift; path = LoginViewModel.swift; sourceTree = "<group>"; };
		26751EF9287178B000DED975 /* User.swift */ = {isa = PBXFileReference; lastKnownFileType = sourcecode.swift; path = User.swift; sourceTree = "<group>"; };
		26751EFD28717E7100DED975 /* ContactsViewTests.swift */ = {isa = PBXFileReference; lastKnownFileType = sourcecode.swift; path = ContactsViewTests.swift; sourceTree = "<group>"; };
		26751F0028717E8400DED975 /* LoginViewTests.swift */ = {isa = PBXFileReference; lastKnownFileType = sourcecode.swift; path = LoginViewTests.swift; sourceTree = "<group>"; };
		26751F052871961C00DED975 /* HTTPRequest.swift */ = {isa = PBXFileReference; lastKnownFileType = sourcecode.swift; path = HTTPRequest.swift; sourceTree = "<group>"; };
		26751F072871963300DED975 /* HTTPMethod.swift */ = {isa = PBXFileReference; lastKnownFileType = sourcecode.swift; path = HTTPMethod.swift; sourceTree = "<group>"; };
		26751F0B28719F2C00DED975 /* RequestHeader.swift */ = {isa = PBXFileReference; lastKnownFileType = sourcecode.swift; path = RequestHeader.swift; sourceTree = "<group>"; };
		26AB5E9428702BB0008D22F2 /* ContactApp.app */ = {isa = PBXFileReference; explicitFileType = wrapper.application; includeInIndex = 0; path = ContactApp.app; sourceTree = BUILT_PRODUCTS_DIR; };
		26AB5E9728702BB0008D22F2 /* AppDelegate.swift */ = {isa = PBXFileReference; lastKnownFileType = sourcecode.swift; path = AppDelegate.swift; sourceTree = "<group>"; };
		26AB5EA128702BB0008D22F2 /* ContactApp.xcdatamodel */ = {isa = PBXFileReference; lastKnownFileType = wrapper.xcdatamodel; path = ContactApp.xcdatamodel; sourceTree = "<group>"; };
		26AB5EA328702BB7008D22F2 /* Assets.xcassets */ = {isa = PBXFileReference; lastKnownFileType = folder.assetcatalog; path = Assets.xcassets; sourceTree = "<group>"; };
		26AB5EA628702BB7008D22F2 /* Base */ = {isa = PBXFileReference; lastKnownFileType = file.storyboard; name = Base; path = Base.lproj/LaunchScreen.storyboard; sourceTree = "<group>"; };
		26AB5EA828702BB7008D22F2 /* Info.plist */ = {isa = PBXFileReference; lastKnownFileType = text.plist.xml; path = Info.plist; sourceTree = "<group>"; };
		26AB5EAD28702BB7008D22F2 /* ContactAppTests.xctest */ = {isa = PBXFileReference; explicitFileType = wrapper.cfbundle; includeInIndex = 0; path = ContactAppTests.xctest; sourceTree = BUILT_PRODUCTS_DIR; };
		26AB5EB728702BB8008D22F2 /* ContactAppUITests.xctest */ = {isa = PBXFileReference; explicitFileType = wrapper.cfbundle; includeInIndex = 0; path = ContactAppUITests.xctest; sourceTree = BUILT_PRODUCTS_DIR; };
		26AB5EBB28702BB8008D22F2 /* ContactAppUITests.swift */ = {isa = PBXFileReference; lastKnownFileType = sourcecode.swift; path = ContactAppUITests.swift; sourceTree = "<group>"; };
		26AB5EBD28702BB8008D22F2 /* ContactAppUITestsLaunchTests.swift */ = {isa = PBXFileReference; lastKnownFileType = sourcecode.swift; path = ContactAppUITestsLaunchTests.swift; sourceTree = "<group>"; };
		26AB5ECF28702D41008D22F2 /* AppTheme+Extensions.swift */ = {isa = PBXFileReference; fileEncoding = 4; lastKnownFileType = sourcecode.swift; path = "AppTheme+Extensions.swift"; sourceTree = "<group>"; };
		26AB5ED228702D57008D22F2 /* Contact.swift */ = {isa = PBXFileReference; fileEncoding = 4; lastKnownFileType = sourcecode.swift; path = Contact.swift; sourceTree = "<group>"; };
		26AB5ED528702D62008D22F2 /* ContactService.swift */ = {isa = PBXFileReference; fileEncoding = 4; lastKnownFileType = sourcecode.swift; path = ContactService.swift; sourceTree = "<group>"; };
		26AB5ED828702D6F008D22F2 /* ContactListViewModel.swift */ = {isa = PBXFileReference; fileEncoding = 4; lastKnownFileType = sourcecode.swift; path = ContactListViewModel.swift; sourceTree = "<group>"; };
		26AB5ED928702D6F008D22F2 /* ContactListCellViewModel.swift */ = {isa = PBXFileReference; fileEncoding = 4; lastKnownFileType = sourcecode.swift; path = ContactListCellViewModel.swift; sourceTree = "<group>"; };
		26AB5EDD28702D7A008D22F2 /* ContactListViewController.swift */ = {isa = PBXFileReference; fileEncoding = 4; lastKnownFileType = sourcecode.swift; path = ContactListViewController.swift; sourceTree = "<group>"; };
		26AB5EDE28702D7A008D22F2 /* ContactTableViewCell.xib */ = {isa = PBXFileReference; fileEncoding = 4; lastKnownFileType = file.xib; path = ContactTableViewCell.xib; sourceTree = "<group>"; };
		26AB5EDF28702D7A008D22F2 /* ContactTableViewCell.swift */ = {isa = PBXFileReference; fileEncoding = 4; lastKnownFileType = sourcecode.swift; path = ContactTableViewCell.swift; sourceTree = "<group>"; };
		26FF79F628ACD049000F3482 /* SceneDelegate.swift */ = {isa = PBXFileReference; fileEncoding = 4; lastKnownFileType = sourcecode.swift; path = SceneDelegate.swift; sourceTree = "<group>"; };
		36BF88569CC8CE38FAE5D072 /* Pods-ContactApp.release.xcconfig */ = {isa = PBXFileReference; includeInIndex = 1; lastKnownFileType = text.xcconfig; name = "Pods-ContactApp.release.xcconfig"; path = "Target Support Files/Pods-ContactApp/Pods-ContactApp.release.xcconfig"; sourceTree = "<group>"; };
		5E60E573AB905C53B83EC04D /* Pods_ContactApp_ContactAppUITests.framework */ = {isa = PBXFileReference; explicitFileType = wrapper.framework; includeInIndex = 0; path = Pods_ContactApp_ContactAppUITests.framework; sourceTree = BUILT_PRODUCTS_DIR; };
		8674C841B2C768E9B8BD3B1B /* Pods_ContactApp.framework */ = {isa = PBXFileReference; explicitFileType = wrapper.framework; includeInIndex = 0; path = Pods_ContactApp.framework; sourceTree = BUILT_PRODUCTS_DIR; };
		8845CFC906FF4736008D9AD3 /* Pods-ContactApp.debug.xcconfig */ = {isa = PBXFileReference; includeInIndex = 1; lastKnownFileType = text.xcconfig; name = "Pods-ContactApp.debug.xcconfig"; path = "Target Support Files/Pods-ContactApp/Pods-ContactApp.debug.xcconfig"; sourceTree = "<group>"; };
		C83361DBD6785FB2BE3210E1 /* Pods_ContactAppTests.framework */ = {isa = PBXFileReference; explicitFileType = wrapper.framework; includeInIndex = 0; path = Pods_ContactAppTests.framework; sourceTree = BUILT_PRODUCTS_DIR; };
		EE392AEE73C309FA17350F43 /* Pods-ContactAppTests.debug.xcconfig */ = {isa = PBXFileReference; includeInIndex = 1; lastKnownFileType = text.xcconfig; name = "Pods-ContactAppTests.debug.xcconfig"; path = "Target Support Files/Pods-ContactAppTests/Pods-ContactAppTests.debug.xcconfig"; sourceTree = "<group>"; };
		F7CEE3689F97FA5D519FEB63 /* Pods-ContactApp-ContactAppUITests.release.xcconfig */ = {isa = PBXFileReference; includeInIndex = 1; lastKnownFileType = text.xcconfig; name = "Pods-ContactApp-ContactAppUITests.release.xcconfig"; path = "Target Support Files/Pods-ContactApp-ContactAppUITests/Pods-ContactApp-ContactAppUITests.release.xcconfig"; sourceTree = "<group>"; };
/* End PBXFileReference section */

/* Begin PBXFrameworksBuildPhase section */
		26AB5E9128702BB0008D22F2 /* Frameworks */ = {
			isa = PBXFrameworksBuildPhase;
			buildActionMask = 2147483647;
			files = (
				5F28B0B1491FC0490DA31A10 /* Pods_ContactApp.framework in Frameworks */,
			);
			runOnlyForDeploymentPostprocessing = 0;
		};
		26AB5EAA28702BB7008D22F2 /* Frameworks */ = {
			isa = PBXFrameworksBuildPhase;
			buildActionMask = 2147483647;
			files = (
				519069F5D5F42DD89A386CF7 /* Pods_ContactAppTests.framework in Frameworks */,
			);
			runOnlyForDeploymentPostprocessing = 0;
		};
		26AB5EB428702BB8008D22F2 /* Frameworks */ = {
			isa = PBXFrameworksBuildPhase;
			buildActionMask = 2147483647;
			files = (
				96265BFD313E30D20D4DF95E /* Pods_ContactApp_ContactAppUITests.framework in Frameworks */,
			);
			runOnlyForDeploymentPostprocessing = 0;
		};
/* End PBXFrameworksBuildPhase section */

/* Begin PBXGroup section */
		266D1283287031E9001AE111 /* Networking */ = {
			isa = PBXGroup;
			children = (
				266D128428703336001AE111 /* APIHandler.swift */,
				266D128A2870335E001AE111 /* APIEnvironment.swift */,
				266D12882870335D001AE111 /* APILoader.swift */,
				266D12872870335D001AE111 /* APIPath.swift */,
				266D12892870335E001AE111 /* RequestHandler+Extension.swift */,
				266D12862870335D001AE111 /* ResponseHandler+Extension.swift */,
				26751F072871963300DED975 /* HTTPMethod.swift */,
				26751F0B28719F2C00DED975 /* RequestHeader.swift */,
				26751F052871961C00DED975 /* HTTPRequest.swift */,
			);
			path = Networking;
			sourceTree = "<group>";
		};
		266D1290287033E9001AE111 /* Resources */ = {
			isa = PBXGroup;
			children = (
				26AB5E9728702BB0008D22F2 /* AppDelegate.swift */,
				26FF79F628ACD049000F3482 /* SceneDelegate.swift */,
				266D12912870340C001AE111 /* Constants.swift */,
				26AB5EA528702BB7008D22F2 /* LaunchScreen.storyboard */,
				26AB5EA328702BB7008D22F2 /* Assets.xcassets */,
				26AB5EA028702BB0008D22F2 /* ContactApp.xcdatamodeld */,
			);
			path = Resources;
			sourceTree = "<group>";
		};
		266D1293287034EE001AE111 /* Contacts */ = {
			isa = PBXGroup;
			children = (
				26AB5EDE28702D7A008D22F2 /* ContactTableViewCell.xib */,
				26AB5EDF28702D7A008D22F2 /* ContactTableViewCell.swift */,
				26AB5EDD28702D7A008D22F2 /* ContactListViewController.swift */,
			);
			path = Contacts;
			sourceTree = "<group>";
		};
		266D129428703518001AE111 /* Login */ = {
			isa = PBXGroup;
			children = (
				266D12952870352D001AE111 /* LoginViewController.swift */,
				266D129728703548001AE111 /* LoginView.xib */,
			);
			path = Login;
			sourceTree = "<group>";
		};
		26751EF52871787700DED975 /* Contacts */ = {
			isa = PBXGroup;
			children = (
				26AB5ED928702D6F008D22F2 /* ContactListCellViewModel.swift */,
				26AB5ED828702D6F008D22F2 /* ContactListViewModel.swift */,
			);
			path = Contacts;
			sourceTree = "<group>";
		};
		26751EF62871788500DED975 /* Authentication */ = {
			isa = PBXGroup;
			children = (
				26751EF72871789C00DED975 /* LoginViewModel.swift */,
			);
			path = Authentication;
			sourceTree = "<group>";
		};
		26751EFF28717E7500DED975 /* Contacts */ = {
			isa = PBXGroup;
			children = (
				26751EFD28717E7100DED975 /* ContactsViewTests.swift */,
			);
			path = Contacts;
			sourceTree = "<group>";
		};
		26751F0228717E9200DED975 /* Authentication */ = {
			isa = PBXGroup;
			children = (
				26751F0028717E8400DED975 /* LoginViewTests.swift */,
			);
			path = Authentication;
			sourceTree = "<group>";
		};
		26AB5E8B28702BB0008D22F2 = {
			isa = PBXGroup;
			children = (
				26AB5E9628702BB0008D22F2 /* ContactApp */,
				26AB5EB028702BB7008D22F2 /* ContactAppTests */,
				26AB5EBA28702BB8008D22F2 /* ContactAppUITests */,
				26AB5E9528702BB0008D22F2 /* Products */,
				B867D77062C43C354EE12071 /* Pods */,
				9D91ADA045D1B66D651C2F0D /* Frameworks */,
			);
			sourceTree = "<group>";
		};
		26AB5E9528702BB0008D22F2 /* Products */ = {
			isa = PBXGroup;
			children = (
				26AB5E9428702BB0008D22F2 /* ContactApp.app */,
				26AB5EAD28702BB7008D22F2 /* ContactAppTests.xctest */,
				26AB5EB728702BB8008D22F2 /* ContactAppUITests.xctest */,
			);
			name = Products;
			sourceTree = "<group>";
		};
		26AB5E9628702BB0008D22F2 /* ContactApp */ = {
			isa = PBXGroup;
			children = (
				26AB5EA828702BB7008D22F2 /* Info.plist */,
				266D1290287033E9001AE111 /* Resources */,
				266D1283287031E9001AE111 /* Networking */,
				26AB5ECD28702D41008D22F2 /* Helper */,
				26AB5ED128702D57008D22F2 /* Model */,
				26AB5ED428702D62008D22F2 /* Services */,
				26AB5ED728702D6F008D22F2 /* ViewModel */,
				26AB5EDC28702D7A008D22F2 /* Views */,
			);
			path = ContactApp;
			sourceTree = "<group>";
		};
		26AB5EB028702BB7008D22F2 /* ContactAppTests */ = {
			isa = PBXGroup;
			children = (
				26751F0228717E9200DED975 /* Authentication */,
				26751EFF28717E7500DED975 /* Contacts */,
			);
			path = ContactAppTests;
			sourceTree = "<group>";
		};
		26AB5EBA28702BB8008D22F2 /* ContactAppUITests */ = {
			isa = PBXGroup;
			children = (
				26AB5EBB28702BB8008D22F2 /* ContactAppUITests.swift */,
				26AB5EBD28702BB8008D22F2 /* ContactAppUITestsLaunchTests.swift */,
			);
			path = ContactAppUITests;
			sourceTree = "<group>";
		};
		26AB5ECD28702D41008D22F2 /* Helper */ = {
			isa = PBXGroup;
			children = (
				26AB5ECE28702D41008D22F2 /* Extension */,
			);
			path = Helper;
			sourceTree = "<group>";
		};
		26AB5ECE28702D41008D22F2 /* Extension */ = {
			isa = PBXGroup;
			children = (
				26AB5ECF28702D41008D22F2 /* AppTheme+Extensions.swift */,
			);
			path = Extension;
			sourceTree = "<group>";
		};
		26AB5ED128702D57008D22F2 /* Model */ = {
			isa = PBXGroup;
			children = (
				26AB5ED228702D57008D22F2 /* Contact.swift */,
				26751EF9287178B000DED975 /* User.swift */,
			);
			path = Model;
			sourceTree = "<group>";
		};
		26AB5ED428702D62008D22F2 /* Services */ = {
			isa = PBXGroup;
			children = (
				26AB5ED528702D62008D22F2 /* ContactService.swift */,
			);
			path = Services;
			sourceTree = "<group>";
		};
		26AB5ED728702D6F008D22F2 /* ViewModel */ = {
			isa = PBXGroup;
			children = (
				26751EF62871788500DED975 /* Authentication */,
				26751EF52871787700DED975 /* Contacts */,
			);
			path = ViewModel;
			sourceTree = "<group>";
		};
		26AB5EDC28702D7A008D22F2 /* Views */ = {
			isa = PBXGroup;
			children = (
				266D129428703518001AE111 /* Login */,
				266D1293287034EE001AE111 /* Contacts */,
			);
			path = Views;
			sourceTree = "<group>";
		};
		9D91ADA045D1B66D651C2F0D /* Frameworks */ = {
			isa = PBXGroup;
			children = (
				8674C841B2C768E9B8BD3B1B /* Pods_ContactApp.framework */,
				5E60E573AB905C53B83EC04D /* Pods_ContactApp_ContactAppUITests.framework */,
				C83361DBD6785FB2BE3210E1 /* Pods_ContactAppTests.framework */,
			);
			name = Frameworks;
			sourceTree = "<group>";
		};
		B867D77062C43C354EE12071 /* Pods */ = {
			isa = PBXGroup;
			children = (
				8845CFC906FF4736008D9AD3 /* Pods-ContactApp.debug.xcconfig */,
				36BF88569CC8CE38FAE5D072 /* Pods-ContactApp.release.xcconfig */,
				186FA22D1031B42B7D13B370 /* Pods-ContactApp-ContactAppUITests.debug.xcconfig */,
				F7CEE3689F97FA5D519FEB63 /* Pods-ContactApp-ContactAppUITests.release.xcconfig */,
				EE392AEE73C309FA17350F43 /* Pods-ContactAppTests.debug.xcconfig */,
				14A0C1DB9959A2A514695139 /* Pods-ContactAppTests.release.xcconfig */,
			);
			path = Pods;
			sourceTree = "<group>";
		};
/* End PBXGroup section */

/* Begin PBXNativeTarget section */
		26AB5E9328702BB0008D22F2 /* ContactApp */ = {
			isa = PBXNativeTarget;
			buildConfigurationList = 26AB5EC128702BB8008D22F2 /* Build configuration list for PBXNativeTarget "ContactApp" */;
			buildPhases = (
				CE058852F7430BB2DB9BA615 /* [CP] Check Pods Manifest.lock */,
				26AB5E9028702BB0008D22F2 /* Sources */,
				26AB5E9128702BB0008D22F2 /* Frameworks */,
				26AB5E9228702BB0008D22F2 /* Resources */,
			);
			buildRules = (
			);
			dependencies = (
			);
			name = ContactApp;
			productName = ContactApp;
			productReference = 26AB5E9428702BB0008D22F2 /* ContactApp.app */;
			productType = "com.apple.product-type.application";
		};
		26AB5EAC28702BB7008D22F2 /* ContactAppTests */ = {
			isa = PBXNativeTarget;
			buildConfigurationList = 26AB5EC428702BB8008D22F2 /* Build configuration list for PBXNativeTarget "ContactAppTests" */;
			buildPhases = (
				D014EC73CE983D872D19C45F /* [CP] Check Pods Manifest.lock */,
				26AB5EA928702BB7008D22F2 /* Sources */,
				26AB5EAA28702BB7008D22F2 /* Frameworks */,
				26AB5EAB28702BB7008D22F2 /* Resources */,
			);
			buildRules = (
			);
			dependencies = (
				26AB5EAF28702BB7008D22F2 /* PBXTargetDependency */,
			);
			name = ContactAppTests;
			productName = ContactAppTests;
			productReference = 26AB5EAD28702BB7008D22F2 /* ContactAppTests.xctest */;
			productType = "com.apple.product-type.bundle.unit-test";
		};
		26AB5EB628702BB8008D22F2 /* ContactAppUITests */ = {
			isa = PBXNativeTarget;
			buildConfigurationList = 26AB5EC728702BB8008D22F2 /* Build configuration list for PBXNativeTarget "ContactAppUITests" */;
			buildPhases = (
				E8E11D1C553113C5102DAE7E /* [CP] Check Pods Manifest.lock */,
				26AB5EB328702BB8008D22F2 /* Sources */,
				26AB5EB428702BB8008D22F2 /* Frameworks */,
				26AB5EB528702BB8008D22F2 /* Resources */,
			);
			buildRules = (
			);
			dependencies = (
				26AB5EB928702BB8008D22F2 /* PBXTargetDependency */,
			);
			name = ContactAppUITests;
			productName = ContactAppUITests;
			productReference = 26AB5EB728702BB8008D22F2 /* ContactAppUITests.xctest */;
			productType = "com.apple.product-type.bundle.ui-testing";
		};
/* End PBXNativeTarget section */

/* Begin PBXProject section */
		26AB5E8C28702BB0008D22F2 /* Project object */ = {
			isa = PBXProject;
			attributes = {
				BuildIndependentTargetsInParallel = 1;
				LastSwiftUpdateCheck = 1320;
				LastUpgradeCheck = 1320;
				TargetAttributes = {
					26AB5E9328702BB0008D22F2 = {
						CreatedOnToolsVersion = 13.2.1;
					};
					26AB5EAC28702BB7008D22F2 = {
						CreatedOnToolsVersion = 13.2.1;
						TestTargetID = 26AB5E9328702BB0008D22F2;
					};
					26AB5EB628702BB8008D22F2 = {
						CreatedOnToolsVersion = 13.2.1;
						TestTargetID = 26AB5E9328702BB0008D22F2;
					};
				};
			};
			buildConfigurationList = 26AB5E8F28702BB0008D22F2 /* Build configuration list for PBXProject "ContactApp" */;
			compatibilityVersion = "Xcode 13.0";
			developmentRegion = en;
			hasScannedForEncodings = 0;
			knownRegions = (
				en,
				Base,
			);
			mainGroup = 26AB5E8B28702BB0008D22F2;
			productRefGroup = 26AB5E9528702BB0008D22F2 /* Products */;
			projectDirPath = "";
			projectRoot = "";
			targets = (
				26AB5E9328702BB0008D22F2 /* ContactApp */,
				26AB5EAC28702BB7008D22F2 /* ContactAppTests */,
				26AB5EB628702BB8008D22F2 /* ContactAppUITests */,
			);
		};
/* End PBXProject section */

/* Begin PBXResourcesBuildPhase section */
		26AB5E9228702BB0008D22F2 /* Resources */ = {
			isa = PBXResourcesBuildPhase;
			buildActionMask = 2147483647;
			files = (
				26AB5EE128702D7A008D22F2 /* ContactTableViewCell.xib in Resources */,
				26AB5EA728702BB7008D22F2 /* LaunchScreen.storyboard in Resources */,
				266D129828703548001AE111 /* LoginView.xib in Resources */,
				26AB5EA428702BB7008D22F2 /* Assets.xcassets in Resources */,
			);
			runOnlyForDeploymentPostprocessing = 0;
		};
		26AB5EAB28702BB7008D22F2 /* Resources */ = {
			isa = PBXResourcesBuildPhase;
			buildActionMask = 2147483647;
			files = (
			);
			runOnlyForDeploymentPostprocessing = 0;
		};
		26AB5EB528702BB8008D22F2 /* Resources */ = {
			isa = PBXResourcesBuildPhase;
			buildActionMask = 2147483647;
			files = (
			);
			runOnlyForDeploymentPostprocessing = 0;
		};
/* End PBXResourcesBuildPhase section */

/* Begin PBXShellScriptBuildPhase section */
		CE058852F7430BB2DB9BA615 /* [CP] Check Pods Manifest.lock */ = {
			isa = PBXShellScriptBuildPhase;
			buildActionMask = 2147483647;
			files = (
			);
			inputFileListPaths = (
			);
			inputPaths = (
				"${PODS_PODFILE_DIR_PATH}/Podfile.lock",
				"${PODS_ROOT}/Manifest.lock",
			);
			name = "[CP] Check Pods Manifest.lock";
			outputFileListPaths = (
			);
			outputPaths = (
				"$(DERIVED_FILE_DIR)/Pods-ContactApp-checkManifestLockResult.txt",
			);
			runOnlyForDeploymentPostprocessing = 0;
			shellPath = /bin/sh;
			shellScript = "diff \"${PODS_PODFILE_DIR_PATH}/Podfile.lock\" \"${PODS_ROOT}/Manifest.lock\" > /dev/null\nif [ $? != 0 ] ; then\n    # print error to STDERR\n    echo \"error: The sandbox is not in sync with the Podfile.lock. Run 'pod install' or update your CocoaPods installation.\" >&2\n    exit 1\nfi\n# This output is used by Xcode 'outputs' to avoid re-running this script phase.\necho \"SUCCESS\" > \"${SCRIPT_OUTPUT_FILE_0}\"\n";
			showEnvVarsInLog = 0;
		};
		D014EC73CE983D872D19C45F /* [CP] Check Pods Manifest.lock */ = {
			isa = PBXShellScriptBuildPhase;
			buildActionMask = 2147483647;
			files = (
			);
			inputFileListPaths = (
			);
			inputPaths = (
				"${PODS_PODFILE_DIR_PATH}/Podfile.lock",
				"${PODS_ROOT}/Manifest.lock",
			);
			name = "[CP] Check Pods Manifest.lock";
			outputFileListPaths = (
			);
			outputPaths = (
				"$(DERIVED_FILE_DIR)/Pods-ContactAppTests-checkManifestLockResult.txt",
			);
			runOnlyForDeploymentPostprocessing = 0;
			shellPath = /bin/sh;
			shellScript = "diff \"${PODS_PODFILE_DIR_PATH}/Podfile.lock\" \"${PODS_ROOT}/Manifest.lock\" > /dev/null\nif [ $? != 0 ] ; then\n    # print error to STDERR\n    echo \"error: The sandbox is not in sync with the Podfile.lock. Run 'pod install' or update your CocoaPods installation.\" >&2\n    exit 1\nfi\n# This output is used by Xcode 'outputs' to avoid re-running this script phase.\necho \"SUCCESS\" > \"${SCRIPT_OUTPUT_FILE_0}\"\n";
			showEnvVarsInLog = 0;
		};
		E8E11D1C553113C5102DAE7E /* [CP] Check Pods Manifest.lock */ = {
			isa = PBXShellScriptBuildPhase;
			buildActionMask = 2147483647;
			files = (
			);
			inputFileListPaths = (
			);
			inputPaths = (
				"${PODS_PODFILE_DIR_PATH}/Podfile.lock",
				"${PODS_ROOT}/Manifest.lock",
			);
			name = "[CP] Check Pods Manifest.lock";
			outputFileListPaths = (
			);
			outputPaths = (
				"$(DERIVED_FILE_DIR)/Pods-ContactApp-ContactAppUITests-checkManifestLockResult.txt",
			);
			runOnlyForDeploymentPostprocessing = 0;
			shellPath = /bin/sh;
			shellScript = "diff \"${PODS_PODFILE_DIR_PATH}/Podfile.lock\" \"${PODS_ROOT}/Manifest.lock\" > /dev/null\nif [ $? != 0 ] ; then\n    # print error to STDERR\n    echo \"error: The sandbox is not in sync with the Podfile.lock. Run 'pod install' or update your CocoaPods installation.\" >&2\n    exit 1\nfi\n# This output is used by Xcode 'outputs' to avoid re-running this script phase.\necho \"SUCCESS\" > \"${SCRIPT_OUTPUT_FILE_0}\"\n";
			showEnvVarsInLog = 0;
		};
/* End PBXShellScriptBuildPhase section */

/* Begin PBXSourcesBuildPhase section */
		26AB5E9028702BB0008D22F2 /* Sources */ = {
			isa = PBXSourcesBuildPhase;
			buildActionMask = 2147483647;
			files = (
				266D128528703336001AE111 /* APIHandler.swift in Sources */,
				266D12922870340C001AE111 /* Constants.swift in Sources */,
				266D128C2870335E001AE111 /* APIPath.swift in Sources */,
				26AB5EE228702D7A008D22F2 /* ContactTableViewCell.swift in Sources */,
				26AB5EDA28702D6F008D22F2 /* ContactListViewModel.swift in Sources */,
				26AB5EA228702BB0008D22F2 /* ContactApp.xcdatamodeld in Sources */,
				26FF79F728ACD049000F3482 /* SceneDelegate.swift in Sources */,
				266D128E2870335E001AE111 /* RequestHandler+Extension.swift in Sources */,
				266D12962870352D001AE111 /* LoginViewController.swift in Sources */,
				266D128B2870335E001AE111 /* ResponseHandler+Extension.swift in Sources */,
				26751EFA287178B000DED975 /* User.swift in Sources */,
				266D128F2870335E001AE111 /* APIEnvironment.swift in Sources */,
				26AB5E9828702BB0008D22F2 /* AppDelegate.swift in Sources */,
				26AB5ED028702D41008D22F2 /* AppTheme+Extensions.swift in Sources */,
				26AB5EDB28702D6F008D22F2 /* ContactListCellViewModel.swift in Sources */,
				26751F082871963300DED975 /* HTTPMethod.swift in Sources */,
				26751F0C28719F2C00DED975 /* RequestHeader.swift in Sources */,
				26AB5ED628702D62008D22F2 /* ContactService.swift in Sources */,
				266D128D2870335E001AE111 /* APILoader.swift in Sources */,
				26AB5ED328702D57008D22F2 /* Contact.swift in Sources */,
				26751F062871961C00DED975 /* HTTPRequest.swift in Sources */,
				26AB5EE028702D7A008D22F2 /* ContactListViewController.swift in Sources */,
				26751EF82871789C00DED975 /* LoginViewModel.swift in Sources */,
			);
			runOnlyForDeploymentPostprocessing = 0;
		};
		26AB5EA928702BB7008D22F2 /* Sources */ = {
			isa = PBXSourcesBuildPhase;
			buildActionMask = 2147483647;
			files = (
				26751F0128717E8400DED975 /* LoginViewTests.swift in Sources */,
				26751EFE28717E7100DED975 /* ContactsViewTests.swift in Sources */,
			);
			runOnlyForDeploymentPostprocessing = 0;
		};
		26AB5EB328702BB8008D22F2 /* Sources */ = {
			isa = PBXSourcesBuildPhase;
			buildActionMask = 2147483647;
			files = (
				26AB5EBC28702BB8008D22F2 /* ContactAppUITests.swift in Sources */,
				26AB5EBE28702BB8008D22F2 /* ContactAppUITestsLaunchTests.swift in Sources */,
			);
			runOnlyForDeploymentPostprocessing = 0;
		};
/* End PBXSourcesBuildPhase section */

/* Begin PBXTargetDependency section */
		26AB5EAF28702BB7008D22F2 /* PBXTargetDependency */ = {
			isa = PBXTargetDependency;
			target = 26AB5E9328702BB0008D22F2 /* ContactApp */;
			targetProxy = 26AB5EAE28702BB7008D22F2 /* PBXContainerItemProxy */;
		};
		26AB5EB928702BB8008D22F2 /* PBXTargetDependency */ = {
			isa = PBXTargetDependency;
			target = 26AB5E9328702BB0008D22F2 /* ContactApp */;
			targetProxy = 26AB5EB828702BB8008D22F2 /* PBXContainerItemProxy */;
		};
/* End PBXTargetDependency section */

/* Begin PBXVariantGroup section */
		26AB5EA528702BB7008D22F2 /* LaunchScreen.storyboard */ = {
			isa = PBXVariantGroup;
			children = (
				26AB5EA628702BB7008D22F2 /* Base */,
			);
			name = LaunchScreen.storyboard;
			sourceTree = "<group>";
		};
/* End PBXVariantGroup section */

/* Begin XCBuildConfiguration section */
		26AB5EBF28702BB8008D22F2 /* Debug */ = {
			isa = XCBuildConfiguration;
			buildSettings = {
				ALWAYS_SEARCH_USER_PATHS = NO;
				CLANG_ANALYZER_NONNULL = YES;
				CLANG_ANALYZER_NUMBER_OBJECT_CONVERSION = YES_AGGRESSIVE;
				CLANG_CXX_LANGUAGE_STANDARD = "gnu++17";
				CLANG_CXX_LIBRARY = "libc++";
				CLANG_ENABLE_MODULES = YES;
				CLANG_ENABLE_OBJC_ARC = YES;
				CLANG_ENABLE_OBJC_WEAK = YES;
				CLANG_WARN_BLOCK_CAPTURE_AUTORELEASING = YES;
				CLANG_WARN_BOOL_CONVERSION = YES;
				CLANG_WARN_COMMA = YES;
				CLANG_WARN_CONSTANT_CONVERSION = YES;
				CLANG_WARN_DEPRECATED_OBJC_IMPLEMENTATIONS = YES;
				CLANG_WARN_DIRECT_OBJC_ISA_USAGE = YES_ERROR;
				CLANG_WARN_DOCUMENTATION_COMMENTS = YES;
				CLANG_WARN_EMPTY_BODY = YES;
				CLANG_WARN_ENUM_CONVERSION = YES;
				CLANG_WARN_INFINITE_RECURSION = YES;
				CLANG_WARN_INT_CONVERSION = YES;
				CLANG_WARN_NON_LITERAL_NULL_CONVERSION = YES;
				CLANG_WARN_OBJC_IMPLICIT_RETAIN_SELF = YES;
				CLANG_WARN_OBJC_LITERAL_CONVERSION = YES;
				CLANG_WARN_OBJC_ROOT_CLASS = YES_ERROR;
				CLANG_WARN_QUOTED_INCLUDE_IN_FRAMEWORK_HEADER = YES;
				CLANG_WARN_RANGE_LOOP_ANALYSIS = YES;
				CLANG_WARN_STRICT_PROTOTYPES = YES;
				CLANG_WARN_SUSPICIOUS_MOVE = YES;
				CLANG_WARN_UNGUARDED_AVAILABILITY = YES_AGGRESSIVE;
				CLANG_WARN_UNREACHABLE_CODE = YES;
				CLANG_WARN__DUPLICATE_METHOD_MATCH = YES;
				COPY_PHASE_STRIP = NO;
				DEBUG_INFORMATION_FORMAT = dwarf;
				ENABLE_STRICT_OBJC_MSGSEND = YES;
				ENABLE_TESTABILITY = YES;
				GCC_C_LANGUAGE_STANDARD = gnu11;
				GCC_DYNAMIC_NO_PIC = NO;
				GCC_NO_COMMON_BLOCKS = YES;
				GCC_OPTIMIZATION_LEVEL = 0;
				GCC_PREPROCESSOR_DEFINITIONS = (
					"DEBUG=1",
					"$(inherited)",
				);
				GCC_WARN_64_TO_32_BIT_CONVERSION = YES;
				GCC_WARN_ABOUT_RETURN_TYPE = YES_ERROR;
				GCC_WARN_UNDECLARED_SELECTOR = YES;
				GCC_WARN_UNINITIALIZED_AUTOS = YES_AGGRESSIVE;
				GCC_WARN_UNUSED_FUNCTION = YES;
				GCC_WARN_UNUSED_VARIABLE = YES;
				IPHONEOS_DEPLOYMENT_TARGET = 15.2;
				MTL_ENABLE_DEBUG_INFO = INCLUDE_SOURCE;
				MTL_FAST_MATH = YES;
				ONLY_ACTIVE_ARCH = YES;
				SDKROOT = iphoneos;
				SWIFT_ACTIVE_COMPILATION_CONDITIONS = DEBUG;
				SWIFT_OPTIMIZATION_LEVEL = "-Onone";
			};
			name = Debug;
		};
		26AB5EC028702BB8008D22F2 /* Release */ = {
			isa = XCBuildConfiguration;
			buildSettings = {
				ALWAYS_SEARCH_USER_PATHS = NO;
				CLANG_ANALYZER_NONNULL = YES;
				CLANG_ANALYZER_NUMBER_OBJECT_CONVERSION = YES_AGGRESSIVE;
				CLANG_CXX_LANGUAGE_STANDARD = "gnu++17";
				CLANG_CXX_LIBRARY = "libc++";
				CLANG_ENABLE_MODULES = YES;
				CLANG_ENABLE_OBJC_ARC = YES;
				CLANG_ENABLE_OBJC_WEAK = YES;
				CLANG_WARN_BLOCK_CAPTURE_AUTORELEASING = YES;
				CLANG_WARN_BOOL_CONVERSION = YES;
				CLANG_WARN_COMMA = YES;
				CLANG_WARN_CONSTANT_CONVERSION = YES;
				CLANG_WARN_DEPRECATED_OBJC_IMPLEMENTATIONS = YES;
				CLANG_WARN_DIRECT_OBJC_ISA_USAGE = YES_ERROR;
				CLANG_WARN_DOCUMENTATION_COMMENTS = YES;
				CLANG_WARN_EMPTY_BODY = YES;
				CLANG_WARN_ENUM_CONVERSION = YES;
				CLANG_WARN_INFINITE_RECURSION = YES;
				CLANG_WARN_INT_CONVERSION = YES;
				CLANG_WARN_NON_LITERAL_NULL_CONVERSION = YES;
				CLANG_WARN_OBJC_IMPLICIT_RETAIN_SELF = YES;
				CLANG_WARN_OBJC_LITERAL_CONVERSION = YES;
				CLANG_WARN_OBJC_ROOT_CLASS = YES_ERROR;
				CLANG_WARN_QUOTED_INCLUDE_IN_FRAMEWORK_HEADER = YES;
				CLANG_WARN_RANGE_LOOP_ANALYSIS = YES;
				CLANG_WARN_STRICT_PROTOTYPES = YES;
				CLANG_WARN_SUSPICIOUS_MOVE = YES;
				CLANG_WARN_UNGUARDED_AVAILABILITY = YES_AGGRESSIVE;
				CLANG_WARN_UNREACHABLE_CODE = YES;
				CLANG_WARN__DUPLICATE_METHOD_MATCH = YES;
				COPY_PHASE_STRIP = NO;
				DEBUG_INFORMATION_FORMAT = "dwarf-with-dsym";
				ENABLE_NS_ASSERTIONS = NO;
				ENABLE_STRICT_OBJC_MSGSEND = YES;
				GCC_C_LANGUAGE_STANDARD = gnu11;
				GCC_NO_COMMON_BLOCKS = YES;
				GCC_WARN_64_TO_32_BIT_CONVERSION = YES;
				GCC_WARN_ABOUT_RETURN_TYPE = YES_ERROR;
				GCC_WARN_UNDECLARED_SELECTOR = YES;
				GCC_WARN_UNINITIALIZED_AUTOS = YES_AGGRESSIVE;
				GCC_WARN_UNUSED_FUNCTION = YES;
				GCC_WARN_UNUSED_VARIABLE = YES;
				IPHONEOS_DEPLOYMENT_TARGET = 15.2;
				MTL_ENABLE_DEBUG_INFO = NO;
				MTL_FAST_MATH = YES;
				SDKROOT = iphoneos;
				SWIFT_COMPILATION_MODE = wholemodule;
				SWIFT_OPTIMIZATION_LEVEL = "-O";
				VALIDATE_PRODUCT = YES;
			};
			name = Release;
		};
		26AB5EC228702BB8008D22F2 /* Debug */ = {
			isa = XCBuildConfiguration;
			baseConfigurationReference = 8845CFC906FF4736008D9AD3 /* Pods-ContactApp.debug.xcconfig */;
			buildSettings = {
				ASSETCATALOG_COMPILER_APPICON_NAME = AppIcon;
				ASSETCATALOG_COMPILER_GLOBAL_ACCENT_COLOR_NAME = AccentColor;
				CODE_SIGN_STYLE = Automatic;
				CURRENT_PROJECT_VERSION = 1;
				GENERATE_INFOPLIST_FILE = YES;
				INFOPLIST_FILE = ContactApp/Info.plist;
				INFOPLIST_KEY_UIApplicationSupportsIndirectInputEvents = YES;
				INFOPLIST_KEY_UILaunchStoryboardName = LaunchScreen;
				INFOPLIST_KEY_UISupportedInterfaceOrientations = UIInterfaceOrientationPortrait;
				INFOPLIST_KEY_UISupportedInterfaceOrientations_iPad = "UIInterfaceOrientationPortrait UIInterfaceOrientationPortraitUpsideDown UIInterfaceOrientationLandscapeLeft UIInterfaceOrientationLandscapeRight";
				INFOPLIST_KEY_UISupportedInterfaceOrientations_iPhone = "UIInterfaceOrientationPortrait UIInterfaceOrientationLandscapeLeft UIInterfaceOrientationLandscapeRight";
				LD_RUNPATH_SEARCH_PATHS = (
					"$(inherited)",
					"@executable_path/Frameworks",
				);
				MARKETING_VERSION = 1.0;
				PRODUCT_BUNDLE_IDENTIFIER = com.demo.ContactApp;
				PRODUCT_NAME = "$(TARGET_NAME)";
				SWIFT_EMIT_LOC_STRINGS = YES;
				SWIFT_VERSION = 5.0;
				TARGETED_DEVICE_FAMILY = "1,2";
			};
			name = Debug;
		};
		26AB5EC328702BB8008D22F2 /* Release */ = {
			isa = XCBuildConfiguration;
			baseConfigurationReference = 36BF88569CC8CE38FAE5D072 /* Pods-ContactApp.release.xcconfig */;
			buildSettings = {
				ASSETCATALOG_COMPILER_APPICON_NAME = AppIcon;
				ASSETCATALOG_COMPILER_GLOBAL_ACCENT_COLOR_NAME = AccentColor;
				CODE_SIGN_STYLE = Automatic;
				CURRENT_PROJECT_VERSION = 1;
				GENERATE_INFOPLIST_FILE = YES;
				INFOPLIST_FILE = ContactApp/Info.plist;
				INFOPLIST_KEY_UIApplicationSupportsIndirectInputEvents = YES;
				INFOPLIST_KEY_UILaunchStoryboardName = LaunchScreen;
				INFOPLIST_KEY_UISupportedInterfaceOrientations = UIInterfaceOrientationPortrait;
				INFOPLIST_KEY_UISupportedInterfaceOrientations_iPad = "UIInterfaceOrientationPortrait UIInterfaceOrientationPortraitUpsideDown UIInterfaceOrientationLandscapeLeft UIInterfaceOrientationLandscapeRight";
				INFOPLIST_KEY_UISupportedInterfaceOrientations_iPhone = "UIInterfaceOrientationPortrait UIInterfaceOrientationLandscapeLeft UIInterfaceOrientationLandscapeRight";
				LD_RUNPATH_SEARCH_PATHS = (
					"$(inherited)",
					"@executable_path/Frameworks",
				);
				MARKETING_VERSION = 1.0;
				PRODUCT_BUNDLE_IDENTIFIER = com.demo.ContactApp;
				PRODUCT_NAME = "$(TARGET_NAME)";
				SWIFT_EMIT_LOC_STRINGS = YES;
				SWIFT_VERSION = 5.0;
				TARGETED_DEVICE_FAMILY = "1,2";
			};
			name = Release;
		};
		26AB5EC528702BB8008D22F2 /* Debug */ = {
			isa = XCBuildConfiguration;
			baseConfigurationReference = EE392AEE73C309FA17350F43 /* Pods-ContactAppTests.debug.xcconfig */;
			buildSettings = {
				ALWAYS_EMBED_SWIFT_STANDARD_LIBRARIES = YES;
				BUNDLE_LOADER = "$(TEST_HOST)";
				CODE_SIGN_STYLE = Automatic;
				CURRENT_PROJECT_VERSION = 1;
				GENERATE_INFOPLIST_FILE = YES;
				IPHONEOS_DEPLOYMENT_TARGET = 15.2;
				MARKETING_VERSION = 1.0;
				PRODUCT_BUNDLE_IDENTIFIER = com.demo.ContactAppTests;
				PRODUCT_NAME = "$(TARGET_NAME)";
				SWIFT_EMIT_LOC_STRINGS = NO;
				SWIFT_VERSION = 5.0;
				TARGETED_DEVICE_FAMILY = "1,2";
				TEST_HOST = "$(BUILT_PRODUCTS_DIR)/ContactApp.app/ContactApp";
			};
			name = Debug;
		};
		26AB5EC628702BB8008D22F2 /* Release */ = {
			isa = XCBuildConfiguration;
			baseConfigurationReference = 14A0C1DB9959A2A514695139 /* Pods-ContactAppTests.release.xcconfig */;
			buildSettings = {
				ALWAYS_EMBED_SWIFT_STANDARD_LIBRARIES = YES;
				BUNDLE_LOADER = "$(TEST_HOST)";
				CODE_SIGN_STYLE = Automatic;
				CURRENT_PROJECT_VERSION = 1;
				GENERATE_INFOPLIST_FILE = YES;
				IPHONEOS_DEPLOYMENT_TARGET = 15.2;
				MARKETING_VERSION = 1.0;
				PRODUCT_BUNDLE_IDENTIFIER = com.demo.ContactAppTests;
				PRODUCT_NAME = "$(TARGET_NAME)";
				SWIFT_EMIT_LOC_STRINGS = NO;
				SWIFT_VERSION = 5.0;
				TARGETED_DEVICE_FAMILY = "1,2";
				TEST_HOST = "$(BUILT_PRODUCTS_DIR)/ContactApp.app/ContactApp";
			};
			name = Release;
		};
		26AB5EC828702BB8008D22F2 /* Debug */ = {
			isa = XCBuildConfiguration;
			baseConfigurationReference = 186FA22D1031B42B7D13B370 /* Pods-ContactApp-ContactAppUITests.debug.xcconfig */;
			buildSettings = {
				ALWAYS_EMBED_SWIFT_STANDARD_LIBRARIES = YES;
				CODE_SIGN_STYLE = Automatic;
				CURRENT_PROJECT_VERSION = 1;
				GENERATE_INFOPLIST_FILE = YES;
				MARKETING_VERSION = 1.0;
				PRODUCT_BUNDLE_IDENTIFIER = com.demo.ContactAppUITests;
				PRODUCT_NAME = "$(TARGET_NAME)";
				SWIFT_EMIT_LOC_STRINGS = NO;
				SWIFT_VERSION = 5.0;
				TARGETED_DEVICE_FAMILY = "1,2";
				TEST_TARGET_NAME = ContactApp;
			};
			name = Debug;
		};
		26AB5EC928702BB8008D22F2 /* Release */ = {
			isa = XCBuildConfiguration;
			baseConfigurationReference = F7CEE3689F97FA5D519FEB63 /* Pods-ContactApp-ContactAppUITests.release.xcconfig */;
			buildSettings = {
				ALWAYS_EMBED_SWIFT_STANDARD_LIBRARIES = YES;
				CODE_SIGN_STYLE = Automatic;
				CURRENT_PROJECT_VERSION = 1;
				GENERATE_INFOPLIST_FILE = YES;
				MARKETING_VERSION = 1.0;
				PRODUCT_BUNDLE_IDENTIFIER = com.demo.ContactAppUITests;
				PRODUCT_NAME = "$(TARGET_NAME)";
				SWIFT_EMIT_LOC_STRINGS = NO;
				SWIFT_VERSION = 5.0;
				TARGETED_DEVICE_FAMILY = "1,2";
				TEST_TARGET_NAME = ContactApp;
			};
			name = Release;
		};
/* End XCBuildConfiguration section */

/* Begin XCConfigurationList section */
		26AB5E8F28702BB0008D22F2 /* Build configuration list for PBXProject "ContactApp" */ = {
			isa = XCConfigurationList;
			buildConfigurations = (
				26AB5EBF28702BB8008D22F2 /* Debug */,
				26AB5EC028702BB8008D22F2 /* Release */,
			);
			defaultConfigurationIsVisible = 0;
			defaultConfigurationName = Release;
		};
		26AB5EC128702BB8008D22F2 /* Build configuration list for PBXNativeTarget "ContactApp" */ = {
			isa = XCConfigurationList;
			buildConfigurations = (
				26AB5EC228702BB8008D22F2 /* Debug */,
				26AB5EC328702BB8008D22F2 /* Release */,
			);
			defaultConfigurationIsVisible = 0;
			defaultConfigurationName = Release;
		};
		26AB5EC428702BB8008D22F2 /* Build configuration list for PBXNativeTarget "ContactAppTests" */ = {
			isa = XCConfigurationList;
			buildConfigurations = (
				26AB5EC528702BB8008D22F2 /* Debug */,
				26AB5EC628702BB8008D22F2 /* Release */,
			);
			defaultConfigurationIsVisible = 0;
			defaultConfigurationName = Release;
		};
		26AB5EC728702BB8008D22F2 /* Build configuration list for PBXNativeTarget "ContactAppUITests" */ = {
			isa = XCConfigurationList;
			buildConfigurations = (
				26AB5EC828702BB8008D22F2 /* Debug */,
				26AB5EC928702BB8008D22F2 /* Release */,
			);
			defaultConfigurationIsVisible = 0;
			defaultConfigurationName = Release;
		};
/* End XCConfigurationList section */

/* Begin XCVersionGroup section */
		26AB5EA028702BB0008D22F2 /* ContactApp.xcdatamodeld */ = {
			isa = XCVersionGroup;
			children = (
				26AB5EA128702BB0008D22F2 /* ContactApp.xcdatamodel */,
			);
			currentVersion = 26AB5EA128702BB0008D22F2 /* ContactApp.xcdatamodel */;
			path = ContactApp.xcdatamodeld;
			sourceTree = "<group>";
			versionGroupType = wrapper.xcdatamodel;
		};
/* End XCVersionGroup section */
	};
	rootObject = 26AB5E8C28702BB0008D22F2 /* Project object */;
}
